// !$*UTF8*$!
{
	archiveVersion = 1;
	classes = {
	};
	objectVersion = 48;
	objects = {

/* Begin PBXBuildFile section */
		3FF82F271FC1F9460046C1D7 /* AppDelegate.swift in Sources */ = {isa = PBXBuildFile; fileRef = 3FF82F261FC1F9460046C1D7 /* AppDelegate.swift */; };
		3FF82F291FC1F9460046C1D7 /* ViewController.swift in Sources */ = {isa = PBXBuildFile; fileRef = 3FF82F281FC1F9460046C1D7 /* ViewController.swift */; };
		3FF82F2C1FC1F9460046C1D7 /* Main.storyboard in Resources */ = {isa = PBXBuildFile; fileRef = 3FF82F2A1FC1F9460046C1D7 /* Main.storyboard */; };
		3FF82F2F1FC1F9460046C1D7 /* test_swift.xcdatamodeld in Sources */ = {isa = PBXBuildFile; fileRef = 3FF82F2D1FC1F9460046C1D7 /* test_swift.xcdatamodeld */; };
		3FF82F311FC1F9460046C1D7 /* Assets.xcassets in Resources */ = {isa = PBXBuildFile; fileRef = 3FF82F301FC1F9460046C1D7 /* Assets.xcassets */; };
		3FF82F341FC1F9460046C1D7 /* LaunchScreen.storyboard in Resources */ = {isa = PBXBuildFile; fileRef = 3FF82F321FC1F9460046C1D7 /* LaunchScreen.storyboard */; };
		3FF82F3F1FC1F9460046C1D7 /* test_swiftTests.swift in Sources */ = {isa = PBXBuildFile; fileRef = 3FF82F3E1FC1F9460046C1D7 /* test_swiftTests.swift */; };
		3FF82F4A1FC1F9460046C1D7 /* test_swiftUITests.swift in Sources */ = {isa = PBXBuildFile; fileRef = 3FF82F491FC1F9460046C1D7 /* test_swiftUITests.swift */; };
/* End PBXBuildFile section */

/* Begin PBXContainerItemProxy section */
		3FF82F3B1FC1F9460046C1D7 /* PBXContainerItemProxy */ = {
			isa = PBXContainerItemProxy;
			containerPortal = 3FF82F1B1FC1F9460046C1D7 /* Project object */;
			proxyType = 1;
			remoteGlobalIDString = 3FF82F221FC1F9460046C1D7;
			remoteInfo = test_swift;
		};
		3FF82F461FC1F9460046C1D7 /* PBXContainerItemProxy */ = {
			isa = PBXContainerItemProxy;
			containerPortal = 3FF82F1B1FC1F9460046C1D7 /* Project object */;
			proxyType = 1;
			remoteGlobalIDString = 3FF82F221FC1F9460046C1D7;
			remoteInfo = test_swift;
		};
/* End PBXContainerItemProxy section */

/* Begin PBXFileReference section */
		3FF82F231FC1F9460046C1D7 /* test_swift.app */ = {isa = PBXFileReference; explicitFileType = wrapper.application; includeInIndex = 0; path = test_swift.app; sourceTree = BUILT_PRODUCTS_DIR; };
		3FF82F261FC1F9460046C1D7 /* AppDelegate.swift */ = {isa = PBXFileReference; lastKnownFileType = sourcecode.swift; path = AppDelegate.swift; sourceTree = "<group>"; };
		3FF82F281FC1F9460046C1D7 /* ViewController.swift */ = {isa = PBXFileReference; lastKnownFileType = sourcecode.swift; path = ViewController.swift; sourceTree = "<group>"; };
		3FF82F2B1FC1F9460046C1D7 /* Base */ = {isa = PBXFileReference; lastKnownFileType = file.storyboard; name = Base; path = Base.lproj/Main.storyboard; sourceTree = "<group>"; };
		3FF82F2E1FC1F9460046C1D7 /* test_swift.xcdatamodel */ = {isa = PBXFileReference; lastKnownFileType = wrapper.xcdatamodel; path = test_swift.xcdatamodel; sourceTree = "<group>"; };
		3FF82F301FC1F9460046C1D7 /* Assets.xcassets */ = {isa = PBXFileReference; lastKnownFileType = folder.assetcatalog; path = Assets.xcassets; sourceTree = "<group>"; };
		3FF82F331FC1F9460046C1D7 /* Base */ = {isa = PBXFileReference; lastKnownFileType = file.storyboard; name = Base; path = Base.lproj/LaunchScreen.storyboard; sourceTree = "<group>"; };
		3FF82F351FC1F9460046C1D7 /* Info.plist */ = {isa = PBXFileReference; lastKnownFileType = text.plist.xml; path = Info.plist; sourceTree = "<group>"; };
		3FF82F3A1FC1F9460046C1D7 /* test_swiftTests.xctest */ = {isa = PBXFileReference; explicitFileType = wrapper.cfbundle; includeInIndex = 0; path = test_swiftTests.xctest; sourceTree = BUILT_PRODUCTS_DIR; };
		3FF82F3E1FC1F9460046C1D7 /* test_swiftTests.swift */ = {isa = PBXFileReference; lastKnownFileType = sourcecode.swift; path = test_swiftTests.swift; sourceTree = "<group>"; };
		3FF82F401FC1F9460046C1D7 /* Info.plist */ = {isa = PBXFileReference; lastKnownFileType = text.plist.xml; path = Info.plist; sourceTree = "<group>"; };
		3FF82F451FC1F9460046C1D7 /* test_swiftUITests.xctest */ = {isa = PBXFileReference; explicitFileType = wrapper.cfbundle; includeInIndex = 0; path = test_swiftUITests.xctest; sourceTree = BUILT_PRODUCTS_DIR; };
		3FF82F491FC1F9460046C1D7 /* test_swiftUITests.swift */ = {isa = PBXFileReference; lastKnownFileType = sourcecode.swift; path = test_swiftUITests.swift; sourceTree = "<group>"; };
		3FF82F4B1FC1F9460046C1D7 /* Info.plist */ = {isa = PBXFileReference; lastKnownFileType = text.plist.xml; path = Info.plist; sourceTree = "<group>"; };
/* End PBXFileReference section */

/* Begin PBXFrameworksBuildPhase section */
		3FF82F201FC1F9460046C1D7 /* Frameworks */ = {
			isa = PBXFrameworksBuildPhase;
			buildActionMask = 2147483647;
			files = (
			);
			runOnlyForDeploymentPostprocessing = 0;
		};
		3FF82F371FC1F9460046C1D7 /* Frameworks */ = {
			isa = PBXFrameworksBuildPhase;
			buildActionMask = 2147483647;
			files = (
			);
			runOnlyForDeploymentPostprocessing = 0;
		};
		3FF82F421FC1F9460046C1D7 /* Frameworks */ = {
			isa = PBXFrameworksBuildPhase;
			buildActionMask = 2147483647;
			files = (
			);
			runOnlyForDeploymentPostprocessing = 0;
		};
/* End PBXFrameworksBuildPhase section */

/* Begin PBXGroup section */
		3FF82F1A1FC1F9460046C1D7 = {
			isa = PBXGroup;
			children = (
				3FF82F251FC1F9460046C1D7 /* test_swift */,
				3FF82F3D1FC1F9460046C1D7 /* test_swiftTests */,
				3FF82F481FC1F9460046C1D7 /* test_swiftUITests */,
				3FF82F241FC1F9460046C1D7 /* Products */,
			);
			sourceTree = "<group>";
		};
		3FF82F241FC1F9460046C1D7 /* Products */ = {
			isa = PBXGroup;
			children = (
				3FF82F231FC1F9460046C1D7 /* test_swift.app */,
				3FF82F3A1FC1F9460046C1D7 /* test_swiftTests.xctest */,
				3FF82F451FC1F9460046C1D7 /* test_swiftUITests.xctest */,
			);
			name = Products;
			sourceTree = "<group>";
		};
		3FF82F251FC1F9460046C1D7 /* test_swift */ = {
			isa = PBXGroup;
			children = (
				3FF82F261FC1F9460046C1D7 /* AppDelegate.swift */,
				3FF82F281FC1F9460046C1D7 /* ViewController.swift */,
				3FF82F2A1FC1F9460046C1D7 /* Main.storyboard */,
				3FF82F301FC1F9460046C1D7 /* Assets.xcassets */,
				3FF82F321FC1F9460046C1D7 /* LaunchScreen.storyboard */,
				3FF82F351FC1F9460046C1D7 /* Info.plist */,
				3FF82F2D1FC1F9460046C1D7 /* test_swift.xcdatamodeld */,
			);
			path = test_swift;
			sourceTree = "<group>";
		};
		3FF82F3D1FC1F9460046C1D7 /* test_swiftTests */ = {
			isa = PBXGroup;
			children = (
				3FF82F3E1FC1F9460046C1D7 /* test_swiftTests.swift */,
				3FF82F401FC1F9460046C1D7 /* Info.plist */,
			);
			path = test_swiftTests;
			sourceTree = "<group>";
		};
		3FF82F481FC1F9460046C1D7 /* test_swiftUITests */ = {
			isa = PBXGroup;
			children = (
				3FF82F491FC1F9460046C1D7 /* test_swiftUITests.swift */,
				3FF82F4B1FC1F9460046C1D7 /* Info.plist */,
			);
			path = test_swiftUITests;
			sourceTree = "<group>";
		};
/* End PBXGroup section */

/* Begin PBXNativeTarget section */
		3FF82F221FC1F9460046C1D7 /* test_swift */ = {
			isa = PBXNativeTarget;
			buildConfigurationList = 3FF82F4E1FC1F9460046C1D7 /* Build configuration list for PBXNativeTarget "test_swift" */;
			buildPhases = (
				3FF82F1F1FC1F9460046C1D7 /* Sources */,
				3FF82F201FC1F9460046C1D7 /* Frameworks */,
				3FF82F211FC1F9460046C1D7 /* Resources */,
			);
			buildRules = (
			);
			dependencies = (
			);
			name = test_swift;
			productName = test_swift;
			productReference = 3FF82F231FC1F9460046C1D7 /* test_swift.app */;
			productType = "com.apple.product-type.application";
		};
		3FF82F391FC1F9460046C1D7 /* test_swiftTests */ = {
			isa = PBXNativeTarget;
			buildConfigurationList = 3FF82F511FC1F9460046C1D7 /* Build configuration list for PBXNativeTarget "test_swiftTests" */;
			buildPhases = (
				3FF82F361FC1F9460046C1D7 /* Sources */,
				3FF82F371FC1F9460046C1D7 /* Frameworks */,
				3FF82F381FC1F9460046C1D7 /* Resources */,
			);
			buildRules = (
			);
			dependencies = (
				3FF82F3C1FC1F9460046C1D7 /* PBXTargetDependency */,
			);
			name = test_swiftTests;
			productName = test_swiftTests;
			productReference = 3FF82F3A1FC1F9460046C1D7 /* test_swiftTests.xctest */;
			productType = "com.apple.product-type.bundle.unit-test";
		};
		3FF82F441FC1F9460046C1D7 /* test_swiftUITests */ = {
			isa = PBXNativeTarget;
			buildConfigurationList = 3FF82F541FC1F9460046C1D7 /* Build configuration list for PBXNativeTarget "test_swiftUITests" */;
			buildPhases = (
				3FF82F411FC1F9460046C1D7 /* Sources */,
				3FF82F421FC1F9460046C1D7 /* Frameworks */,
				3FF82F431FC1F9460046C1D7 /* Resources */,
			);
			buildRules = (
			);
			dependencies = (
				3FF82F471FC1F9460046C1D7 /* PBXTargetDependency */,
			);
			name = test_swiftUITests;
			productName = test_swiftUITests;
			productReference = 3FF82F451FC1F9460046C1D7 /* test_swiftUITests.xctest */;
			productType = "com.apple.product-type.bundle.ui-testing";
		};
/* End PBXNativeTarget section */

/* Begin PBXProject section */
		3FF82F1B1FC1F9460046C1D7 /* Project object */ = {
			isa = PBXProject;
			attributes = {
				LastSwiftUpdateCheck = 0910;
				LastUpgradeCheck = 0910;
				ORGANIZATIONNAME = nshhhin;
				TargetAttributes = {
					3FF82F221FC1F9460046C1D7 = {
						CreatedOnToolsVersion = 9.1;
						ProvisioningStyle = Automatic;
					};
					3FF82F391FC1F9460046C1D7 = {
						CreatedOnToolsVersion = 9.1;
						ProvisioningStyle = Automatic;
						TestTargetID = 3FF82F221FC1F9460046C1D7;
					};
					3FF82F441FC1F9460046C1D7 = {
						CreatedOnToolsVersion = 9.1;
						ProvisioningStyle = Automatic;
						TestTargetID = 3FF82F221FC1F9460046C1D7;
					};
				};
			};
			buildConfigurationList = 3FF82F1E1FC1F9460046C1D7 /* Build configuration list for PBXProject "test_swift" */;
			compatibilityVersion = "Xcode 8.0";
			developmentRegion = en;
			hasScannedForEncodings = 0;
			knownRegions = (
				en,
				Base,
			);
			mainGroup = 3FF82F1A1FC1F9460046C1D7;
			productRefGroup = 3FF82F241FC1F9460046C1D7 /* Products */;
			projectDirPath = "";
			projectRoot = "";
			targets = (
				3FF82F221FC1F9460046C1D7 /* test_swift */,
				3FF82F391FC1F9460046C1D7 /* test_swiftTests */,
				3FF82F441FC1F9460046C1D7 /* test_swiftUITests */,
			);
		};
/* End PBXProject section */

/* Begin PBXResourcesBuildPhase section */
		3FF82F211FC1F9460046C1D7 /* Resources */ = {
			isa = PBXResourcesBuildPhase;
			buildActionMask = 2147483647;
			files = (
				3FF82F341FC1F9460046C1D7 /* LaunchScreen.storyboard in Resources */,
				3FF82F311FC1F9460046C1D7 /* Assets.xcassets in Resources */,
				3FF82F2C1FC1F9460046C1D7 /* Main.storyboard in Resources */,
			);
			runOnlyForDeploymentPostprocessing = 0;
		};
		3FF82F381FC1F9460046C1D7 /* Resources */ = {
			isa = PBXResourcesBuildPhase;
			buildActionMask = 2147483647;
			files = (
			);
			runOnlyForDeploymentPostprocessing = 0;
		};
		3FF82F431FC1F9460046C1D7 /* Resources */ = {
			isa = PBXResourcesBuildPhase;
			buildActionMask = 2147483647;
			files = (
			);
			runOnlyForDeploymentPostprocessing = 0;
		};
/* End PBXResourcesBuildPhase section */

/* Begin PBXSourcesBuildPhase section */
		3FF82F1F1FC1F9460046C1D7 /* Sources */ = {
			isa = PBXSourcesBuildPhase;
			buildActionMask = 2147483647;
			files = (
				3FF82F291FC1F9460046C1D7 /* ViewController.swift in Sources */,
				3FF82F2F1FC1F9460046C1D7 /* test_swift.xcdatamodeld in Sources */,
				3FF82F271FC1F9460046C1D7 /* AppDelegate.swift in Sources */,
			);
			runOnlyForDeploymentPostprocessing = 0;
		};
		3FF82F361FC1F9460046C1D7 /* Sources */ = {
			isa = PBXSourcesBuildPhase;
			buildActionMask = 2147483647;
			files = (
				3FF82F3F1FC1F9460046C1D7 /* test_swiftTests.swift in Sources */,
			);
			runOnlyForDeploymentPostprocessing = 0;
		};
		3FF82F411FC1F9460046C1D7 /* Sources */ = {
			isa = PBXSourcesBuildPhase;
			buildActionMask = 2147483647;
			files = (
				3FF82F4A1FC1F9460046C1D7 /* test_swiftUITests.swift in Sources */,
			);
			runOnlyForDeploymentPostprocessing = 0;
		};
/* End PBXSourcesBuildPhase section */

/* Begin PBXTargetDependency section */
		3FF82F3C1FC1F9460046C1D7 /* PBXTargetDependency */ = {
			isa = PBXTargetDependency;
			target = 3FF82F221FC1F9460046C1D7 /* test_swift */;
			targetProxy = 3FF82F3B1FC1F9460046C1D7 /* PBXContainerItemProxy */;
		};
		3FF82F471FC1F9460046C1D7 /* PBXTargetDependency */ = {
			isa = PBXTargetDependency;
			target = 3FF82F221FC1F9460046C1D7 /* test_swift */;
			targetProxy = 3FF82F461FC1F9460046C1D7 /* PBXContainerItemProxy */;
		};
/* End PBXTargetDependency section */

/* Begin PBXVariantGroup section */
		3FF82F2A1FC1F9460046C1D7 /* Main.storyboard */ = {
			isa = PBXVariantGroup;
			children = (
				3FF82F2B1FC1F9460046C1D7 /* Base */,
			);
			name = Main.storyboard;
			sourceTree = "<group>";
		};
		3FF82F321FC1F9460046C1D7 /* LaunchScreen.storyboard */ = {
			isa = PBXVariantGroup;
			children = (
				3FF82F331FC1F9460046C1D7 /* Base */,
			);
			name = LaunchScreen.storyboard;
			sourceTree = "<group>";
		};
/* End PBXVariantGroup section */

/* Begin XCBuildConfiguration section */
		3FF82F4C1FC1F9460046C1D7 /* Debug */ = {
			isa = XCBuildConfiguration;
			buildSettings = {
				ALWAYS_SEARCH_USER_PATHS = NO;
				CLANG_ANALYZER_NONNULL = YES;
				CLANG_ANALYZER_NUMBER_OBJECT_CONVERSION = YES_AGGRESSIVE;
				CLANG_CXX_LANGUAGE_STANDARD = "gnu++14";
				CLANG_CXX_LIBRARY = "libc++";
				CLANG_ENABLE_MODULES = YES;
				CLANG_ENABLE_OBJC_ARC = YES;
				CLANG_WARN_BLOCK_CAPTURE_AUTORELEASING = YES;
				CLANG_WARN_BOOL_CONVERSION = YES;
				CLANG_WARN_COMMA = YES;
				CLANG_WARN_CONSTANT_CONVERSION = YES;
				CLANG_WARN_DIRECT_OBJC_ISA_USAGE = YES_ERROR;
				CLANG_WARN_DOCUMENTATION_COMMENTS = YES;
				CLANG_WARN_EMPTY_BODY = YES;
				CLANG_WARN_ENUM_CONVERSION = YES;
				CLANG_WARN_INFINITE_RECURSION = YES;
				CLANG_WARN_INT_CONVERSION = YES;
				CLANG_WARN_NON_LITERAL_NULL_CONVERSION = YES;
				CLANG_WARN_OBJC_LITERAL_CONVERSION = YES;
				CLANG_WARN_OBJC_ROOT_CLASS = YES_ERROR;
				CLANG_WARN_RANGE_LOOP_ANALYSIS = YES;
				CLANG_WARN_STRICT_PROTOTYPES = YES;
				CLANG_WARN_SUSPICIOUS_MOVE = YES;
				CLANG_WARN_UNGUARDED_AVAILABILITY = YES_AGGRESSIVE;
				CLANG_WARN_UNREACHABLE_CODE = YES;
				CLANG_WARN__DUPLICATE_METHOD_MATCH = YES;
				CODE_SIGN_IDENTITY = "iPhone Developer";
				COPY_PHASE_STRIP = NO;
				DEBUG_INFORMATION_FORMAT = dwarf;
				ENABLE_STRICT_OBJC_MSGSEND = YES;
				ENABLE_TESTABILITY = YES;
				GCC_C_LANGUAGE_STANDARD = gnu11;
				GCC_DYNAMIC_NO_PIC = NO;
				GCC_NO_COMMON_BLOCKS = YES;
				GCC_OPTIMIZATION_LEVEL = 0;
				GCC_PREPROCESSOR_DEFINITIONS = (
					"DEBUG=1",
					"$(inherited)",
				);
				GCC_WARN_64_TO_32_BIT_CONVERSION = YES;
				GCC_WARN_ABOUT_RETURN_TYPE = YES_ERROR;
				GCC_WARN_UNDECLARED_SELECTOR = YES;
				GCC_WARN_UNINITIALIZED_AUTOS = YES_AGGRESSIVE;
				GCC_WARN_UNUSED_FUNCTION = YES;
				GCC_WARN_UNUSED_VARIABLE = YES;
				IPHONEOS_DEPLOYMENT_TARGET = 11.1;
				MTL_ENABLE_DEBUG_INFO = YES;
				ONLY_ACTIVE_ARCH = YES;
				SDKROOT = iphoneos;
				SWIFT_ACTIVE_COMPILATION_CONDITIONS = DEBUG;
				SWIFT_OPTIMIZATION_LEVEL = "-Onone";
			};
			name = Debug;
		};
		3FF82F4D1FC1F9460046C1D7 /* Release */ = {
			isa = XCBuildConfiguration;
			buildSettings = {
				ALWAYS_SEARCH_USER_PATHS = NO;
				CLANG_ANALYZER_NONNULL = YES;
				CLANG_ANALYZER_NUMBER_OBJECT_CONVERSION = YES_AGGRESSIVE;
				CLANG_CXX_LANGUAGE_STANDARD = "gnu++14";
				CLANG_CXX_LIBRARY = "libc++";
				CLANG_ENABLE_MODULES = YES;
				CLANG_ENABLE_OBJC_ARC = YES;
				CLANG_WARN_BLOCK_CAPTURE_AUTORELEASING = YES;
				CLANG_WARN_BOOL_CONVERSION = YES;
				CLANG_WARN_COMMA = YES;
				CLANG_WARN_CONSTANT_CONVERSION = YES;
				CLANG_WARN_DIRECT_OBJC_ISA_USAGE = YES_ERROR;
				CLANG_WARN_DOCUMENTATION_COMMENTS = YES;
				CLANG_WARN_EMPTY_BODY = YES;
				CLANG_WARN_ENUM_CONVERSION = YES;
				CLANG_WARN_INFINITE_RECURSION = YES;
				CLANG_WARN_INT_CONVERSION = YES;
				CLANG_WARN_NON_LITERAL_NULL_CONVERSION = YES;
				CLANG_WARN_OBJC_LITERAL_CONVERSION = YES;
				CLANG_WARN_OBJC_ROOT_CLASS = YES_ERROR;
				CLANG_WARN_RANGE_LOOP_ANALYSIS = YES;
				CLANG_WARN_STRICT_PROTOTYPES = YES;
				CLANG_WARN_SUSPICIOUS_MOVE = YES;
				CLANG_WARN_UNGUARDED_AVAILABILITY = YES_AGGRESSIVE;
				CLANG_WARN_UNREACHABLE_CODE = YES;
				CLANG_WARN__DUPLICATE_METHOD_MATCH = YES;
				CODE_SIGN_IDENTITY = "iPhone Developer";
				COPY_PHASE_STRIP = NO;
				DEBUG_INFORMATION_FORMAT = "dwarf-with-dsym";
				ENABLE_NS_ASSERTIONS = NO;
				ENABLE_STRICT_OBJC_MSGSEND = YES;
				GCC_C_LANGUAGE_STANDARD = gnu11;
				GCC_NO_COMMON_BLOCKS = YES;
				GCC_WARN_64_TO_32_BIT_CONVERSION = YES;
				GCC_WARN_ABOUT_RETURN_TYPE = YES_ERROR;
				GCC_WARN_UNDECLARED_SELECTOR = YES;
				GCC_WARN_UNINITIALIZED_AUTOS = YES_AGGRESSIVE;
				GCC_WARN_UNUSED_FUNCTION = YES;
				GCC_WARN_UNUSED_VARIABLE = YES;
				IPHONEOS_DEPLOYMENT_TARGET = 11.1;
				MTL_ENABLE_DEBUG_INFO = NO;
				SDKROOT = iphoneos;
				SWIFT_OPTIMIZATION_LEVEL = "-Owholemodule";
				VALIDATE_PRODUCT = YES;
			};
			name = Release;
		};
		3FF82F4F1FC1F9460046C1D7 /* Debug */ = {
			isa = XCBuildConfiguration;
			buildSettings = {
				ASSETCATALOG_COMPILER_APPICON_NAME = AppIcon;
				CODE_SIGN_STYLE = Automatic;
				DEVELOPMENT_TEAM = T8YPT438X6;
				INFOPLIST_FILE = test_swift/Info.plist;
				LD_RUNPATH_SEARCH_PATHS = "$(inherited) @executable_path/Frameworks";
				PRODUCT_BUNDLE_IDENTIFIER = "nshhhin.test-swift";
				PRODUCT_NAME = "$(TARGET_NAME)";
				SWIFT_VERSION = 4.0;
				TARGETED_DEVICE_FAMILY = "1,2";
			};
			name = Debug;
		};
		3FF82F501FC1F9460046C1D7 /* Release */ = {
			isa = XCBuildConfiguration;
			buildSettings = {
				ASSETCATALOG_COMPILER_APPICON_NAME = AppIcon;
				CODE_SIGN_STYLE = Automatic;
				DEVELOPMENT_TEAM = T8YPT438X6;
				INFOPLIST_FILE = test_swift/Info.plist;
				LD_RUNPATH_SEARCH_PATHS = "$(inherited) @executable_path/Frameworks";
				PRODUCT_BUNDLE_IDENTIFIER = "nshhhin.test-swift";
				PRODUCT_NAME = "$(TARGET_NAME)";
				SWIFT_VERSION = 4.0;
				TARGETED_DEVICE_FAMILY = "1,2";
			};
			name = Release;
		};
		3FF82F521FC1F9460046C1D7 /* Debug */ = {
			isa = XCBuildConfiguration;
			buildSettings = {
				ALWAYS_EMBED_SWIFT_STANDARD_LIBRARIES = YES;
				BUNDLE_LOADER = "$(TEST_HOST)";
				CODE_SIGN_STYLE = Automatic;
				DEVELOPMENT_TEAM = T8YPT438X6;
				INFOPLIST_FILE = test_swiftTests/Info.plist;
				LD_RUNPATH_SEARCH_PATHS = "$(inherited) @executable_path/Frameworks @loader_path/Frameworks";
				PRODUCT_BUNDLE_IDENTIFIER = "nshhhin.test-swiftTests";
				PRODUCT_NAME = "$(TARGET_NAME)";
				SWIFT_VERSION = 4.0;
				TARGETED_DEVICE_FAMILY = "1,2";
				TEST_HOST = "$(BUILT_PRODUCTS_DIR)/test_swift.app/test_swift";
			};
			name = Debug;
		};
		3FF82F531FC1F9460046C1D7 /* Release */ = {
			isa = XCBuildConfiguration;
			buildSettings = {
				ALWAYS_EMBED_SWIFT_STANDARD_LIBRARIES = YES;
				BUNDLE_LOADER = "$(TEST_HOST)";
				CODE_SIGN_STYLE = Automatic;
				DEVELOPMENT_TEAM = T8YPT438X6;
				INFOPLIST_FILE = test_swiftTests/Info.plist;
				LD_RUNPATH_SEARCH_PATHS = "$(inherited) @executable_path/Frameworks @loader_path/Frameworks";
				PRODUCT_BUNDLE_IDENTIFIER = "nshhhin.test-swiftTests";
				PRODUCT_NAME = "$(TARGET_NAME)";
				SWIFT_VERSION = 4.0;
				TARGETED_DEVICE_FAMILY = "1,2";
				TEST_HOST = "$(BUILT_PRODUCTS_DIR)/test_swift.app/test_swift";
			};
			name = Release;
		};
		3FF82F551FC1F9460046C1D7 /* Debug */ = {
			isa = XCBuildConfiguration;
			buildSettings = {
				ALWAYS_EMBED_SWIFT_STANDARD_LIBRARIES = YES;
				CODE_SIGN_STYLE = Automatic;
				DEVELOPMENT_TEAM = T8YPT438X6;
				INFOPLIST_FILE = test_swiftUITests/Info.plist;
				LD_RUNPATH_SEARCH_PATHS = "$(inherited) @executable_path/Frameworks @loader_path/Frameworks";
				PRODUCT_BUNDLE_IDENTIFIER = "nshhhin.test-swiftUITests";
				PRODUCT_NAME = "$(TARGET_NAME)";
				SWIFT_VERSION = 4.0;
				TARGETED_DEVICE_FAMILY = "1,2";
				TEST_TARGET_NAME = test_swift;
			};
			name = Debug;
		};
		3FF82F561FC1F9460046C1D7 /* Release */ = {
			isa = XCBuildConfiguration;
			buildSettings = {
				ALWAYS_EMBED_SWIFT_STANDARD_LIBRARIES = YES;
				CODE_SIGN_STYLE = Automatic;
				DEVELOPMENT_TEAM = T8YPT438X6;
				INFOPLIST_FILE = test_swiftUITests/Info.plist;
				LD_RUNPATH_SEARCH_PATHS = "$(inherited) @executable_path/Frameworks @loader_path/Frameworks";
				PRODUCT_BUNDLE_IDENTIFIER = "nshhhin.test-swiftUITests";
				PRODUCT_NAME = "$(TARGET_NAME)";
				SWIFT_VERSION = 4.0;
				TARGETED_DEVICE_FAMILY = "1,2";
				TEST_TARGET_NAME = test_swift;
			};
			name = Release;
		};
/* End XCBuildConfiguration section */

/* Begin XCConfigurationList section */
		3FF82F1E1FC1F9460046C1D7 /* Build configuration list for PBXProject "test_swift" */ = {
			isa = XCConfigurationList;
			buildConfigurations = (
				3FF82F4C1FC1F9460046C1D7 /* Debug */,
				3FF82F4D1FC1F9460046C1D7 /* Release */,
			);
			defaultConfigurationIsVisible = 0;
			defaultConfigurationName = Release;
		};
		3FF82F4E1FC1F9460046C1D7 /* Build configuration list for PBXNativeTarget "test_swift" */ = {
			isa = XCConfigurationList;
			buildConfigurations = (
				3FF82F4F1FC1F9460046C1D7 /* Debug */,
				3FF82F501FC1F9460046C1D7 /* Release */,
			);
			defaultConfigurationIsVisible = 0;
			defaultConfigurationName = Release;
		};
		3FF82F511FC1F9460046C1D7 /* Build configuration list for PBXNativeTarget "test_swiftTests" */ = {
			isa = XCConfigurationList;
			buildConfigurations = (
				3FF82F521FC1F9460046C1D7 /* Debug */,
				3FF82F531FC1F9460046C1D7 /* Release */,
			);
			defaultConfigurationIsVisible = 0;
			defaultConfigurationName = Release;
		};
		3FF82F541FC1F9460046C1D7 /* Build configuration list for PBXNativeTarget "test_swiftUITests" */ = {
			isa = XCConfigurationList;
			buildConfigurations = (
				3FF82F551FC1F9460046C1D7 /* Debug */,
				3FF82F561FC1F9460046C1D7 /* Release */,
			);
			defaultConfigurationIsVisible = 0;
			defaultConfigurationName = Release;
		};
/* End XCConfigurationList section */

/* Begin XCVersionGroup section */
		3FF82F2D1FC1F9460046C1D7 /* test_swift.xcdatamodeld */ = {
			isa = XCVersionGroup;
			children = (
				3FF82F2E1FC1F9460046C1D7 /* test_swift.xcdatamodel */,
			);
			currentVersion = 3FF82F2E1FC1F9460046C1D7 /* test_swift.xcdatamodel */;
			path = test_swift.xcdatamodeld;
			sourceTree = "<group>";
			versionGroupType = wrapper.xcdatamodel;
		};
/* End XCVersionGroup section */
	};
	rootObject = 3FF82F1B1FC1F9460046C1D7 /* Project object */;
}
